
Microsoft Visual Studio Solution File, Format Version 12.00
# Visual Studio Version 17
VisualStudioVersion = 17.14.36121.58 d17.14
MinimumVisualStudioVersion = 10.0.40219.1
Project("{FAE04EC0-301F-11D3-BF4B-00C04F79EFBC}") = "PI_2025_II_IIP_LABORATORIO2", "PI_2025_II_IIP_LABORATORIO2\PI_2025_II_IIP_LABORATORIO2.csproj", "{3A9CF371-096B-49B6-8FA3-24A8257643FB}"
EndProject
Global
	GlobalSection(SolutionConfigurationPlatforms) = preSolution
		Debug|Any CPU = Debug|Any CPU
		Release|Any CPU = Release|Any CPU
	EndGlobalSection
	GlobalSection(ProjectConfigurationPlatforms) = postSolution
		{3A9CF371-096B-49B6-8FA3-24A8257643FB}.Debug|Any CPU.ActiveCfg = Debug|Any CPU
		{3A9CF371-096B-49B6-8FA3-24A8257643FB}.Debug|Any CPU.Build.0 = Debug|Any CPU
		{3A9CF371-096B-49B6-8FA3-24A8257643FB}.Release|Any CPU.ActiveCfg = Release|Any CPU
		{3A9CF371-096B-49B6-8FA3-24A8257643FB}.Release|Any CPU.Build.0 = Release|Any CPU
	EndGlobalSection
	GlobalSection(SolutionProperties) = preSolution
		HideSolutionNode = FALSE
	EndGlobalSection
	GlobalSection(ExtensibilityGlobals) = postSolution
		SolutionGuid = {7597BDFC-4065-4F17-ACB5-F5B3979C3CFE}
	EndGlobalSection
EndGlobal
